
Microsoft Visual Studio Solution File, Format Version 12.00
# Visual Studio 15
VisualStudioVersion = 15.0.27130.2024
MinimumVisualStudioVersion = 10.0.40219.1
Project("{FAE04EC0-301F-11D3-BF4B-00C04F79EFBC}") = "TestCore", "TestCore\TestCore.csproj", "{8C076568-5A99-446D-A98E-EDF524164036}"
EndProject
Global
	GlobalSection(SolutionConfigurationPlatforms) = preSolution
		Debug|Any CPU = Debug|Any CPU
		Release|Any CPU = Release|Any CPU
	EndGlobalSection
	GlobalSection(ProjectConfigurationPlatforms) = postSolution
		{8C076568-5A99-446D-A98E-EDF524164036}.Debug|Any CPU.ActiveCfg = Debug|Any CPU
		{8C076568-5A99-446D-A98E-EDF524164036}.Debug|Any CPU.Build.0 = Debug|Any CPU
		{8C076568-5A99-446D-A98E-EDF524164036}.Release|Any CPU.ActiveCfg = Release|Any CPU
		{8C076568-5A99-446D-A98E-EDF524164036}.Release|Any CPU.Build.0 = Release|Any CPU
	EndGlobalSection
	GlobalSection(SolutionProperties) = preSolution
		HideSolutionNode = FALSE
	EndGlobalSection
	GlobalSection(ExtensibilityGlobals) = postSolution
		SolutionGuid = {8C8CB78C-CA4B-47B0-8F02-870D8D03D793}
	EndGlobalSection
EndGlobal
